{
  "lockfile_version": "1",
  "packages": {
    "jq@1.7.1": {
      "last_modified": "2024-08-14T02:42:29Z",
      "resolved": "github:NixOS/nixpkgs/daf7bb95821b789db24fc1ac21f613db0c1bf2cb#jq",
      "source": "devbox-search",
      "version": "1.7.1",
      "systems": {
        "aarch64-darwin": {
          "outputs": [
            {
              "name": "bin",
              "path": "/nix/store/d9wxqi1f75zarf9wbiwlli3n0nbqhjd7-jq-1.7.1-bin",
              "default": true
            },
            {
              "name": "man",
              "path": "/nix/store/p0cvcl9a2qxgvlbsmmx26blr9h6k9kwz-jq-1.7.1-man",
              "default": true
            },
            {
              "name": "lib",
              "path": "/nix/store/6cd405yg737s18blzgvqzgyw96fl1x0p-jq-1.7.1-lib"
            },
            {
              "name": "out",
              "path": "/nix/store/p08mdq0qx0l3yzpnh17ll9dc47bwnvsv-jq-1.7.1"
            },
            {
              "name": "dev",
              "path": "/nix/store/0hz6vhnzw7mfiw3w20cnzq36c2y27n2f-jq-1.7.1-dev"
            },
            {
              "name": "doc",
              "path": "/nix/store/9br49dwjvgdgj0x31c4pv4rq1canwa60-jq-1.7.1-doc"
            }
          ],
          "store_path": "/nix/store/d9wxqi1f75zarf9wbiwlli3n0nbqhjd7-jq-1.7.1-bin"
        },
        "aarch64-linux": {
          "outputs": [
            {
              "name": "bin",
              "path": "/nix/store/hd0ngywgcjbn6jnmcnvm0d4lmg0s99l0-jq-1.7.1-bin",
              "default": true
            },
            {
              "name": "man",
              "path": "/nix/store/s4v2nw498ck1rwx2j90gks1ydix9ha3q-jq-1.7.1-man",
              "default": true
            },
            {
              "name": "lib",
              "path": "/nix/store/pp2063qjgqik7k5d6iwwpc8wn52jbick-jq-1.7.1-lib"
            },
            {
              "name": "out",
              "path": "/nix/store/fz0dc5yykkk2lh8d9kndsywqwl68aiy2-jq-1.7.1"
            },
            {
              "name": "dev",
              "path": "/nix/store/w9h3rnm5cgzj90xhbg4p8ki4ns8s0ikl-jq-1.7.1-dev"
            },
            {
              "name": "doc",
              "path": "/nix/store/a0c7dharmysjskkgp0zfkqp3z175b5pg-jq-1.7.1-doc"
            }
          ],
          "store_path": "/nix/store/hd0ngywgcjbn6jnmcnvm0d4lmg0s99l0-jq-1.7.1-bin"
        },
        "x86_64-darwin": {
          "outputs": [
            {
              "name": "bin",
              "path": "/nix/store/kwkps100pvk6s8is34bqp1ycydbn2v7a-jq-1.7.1-bin",
              "default": true
            },
            {
              "name": "man",
              "path": "/nix/store/x46yqlsn1357pcpm7nvbrs863aak2pyb-jq-1.7.1-man",
              "default": true
            },
            {
              "name": "out",
              "path": "/nix/store/5pl3gvxdjpvig6cvv77fzg8asaalx07d-jq-1.7.1"
            },
            {
              "name": "dev",
              "path": "/nix/store/69z4pdr45l1ixix3bjnfyfy1wqfshmby-jq-1.7.1-dev"
            },
            {
              "name": "doc",
              "path": "/nix/store/6qlmlhii37fxxc36c54z5jb3xqjk2fp8-jq-1.7.1-doc"
            },
            {
              "name": "lib",
              "path": "/nix/store/61l4nqvpfpx7ilk9xdjbn2y8knk72kv4-jq-1.7.1-lib"
            }
          ],
          "store_path": "/nix/store/kwkps100pvk6s8is34bqp1ycydbn2v7a-jq-1.7.1-bin"
        },
        "x86_64-linux": {
          "outputs": [
            {
              "name": "bin",
              "path": "/nix/store/yw7dn51dwbmw2pkx5fqhgadpzyv8f724-jq-1.7.1-bin",
              "default": true
            },
            {
              "name": "man",
              "path": "/nix/store/kvi43jy0kzsbkq4kmfgmrk6yw596bnb4-jq-1.7.1-man",
              "default": true
            },
            {
              "name": "out",
              "path": "/nix/store/h2lkpgx68cisqrka1x0arskiv39ngkm6-jq-1.7.1"
            },
            {
              "name": "dev",
              "path": "/nix/store/wvcfmwz1hjs1fx4i182yfwwcvf01j1x8-jq-1.7.1-dev"
            },
            {
              "name": "doc",
              "path": "/nix/store/6gfjfw1akzpkhh3rfqbyyshpxaj9d1hw-jq-1.7.1-doc"
            },
            {
              "name": "lib",
              "path": "/nix/store/jn7ahwhssnkkg1m669x78qq163y3zyz3-jq-1.7.1-lib"
            }
          ],
          "store_path": "/nix/store/yw7dn51dwbmw2pkx5fqhgadpzyv8f724-jq-1.7.1-bin"
        }
      }
    },
    "kubernetes-helm@3.15.3": {
      "last_modified": "2024-07-31T08:48:38Z",
      "resolved": "github:NixOS/nixpkgs/c3392ad349a5227f4a3464dce87bcc5046692fce#kubernetes-helm",
      "source": "devbox-search",
      "version": "3.15.3",
      "systems": {
        "aarch64-darwin": {
          "outputs": [
            {
              "name": "out",
              "path": "/nix/store/3vvfa309bxl2p34j3xfh0y5vll70l9xz-kubernetes-helm-3.15.3",
              "default": true
            }
          ],
          "store_path": "/nix/store/3vvfa309bxl2p34j3xfh0y5vll70l9xz-kubernetes-helm-3.15.3"
        },
        "aarch64-linux": {
          "outputs": [
            {
              "name": "out",
              "path": "/nix/store/0fm5ygdjrrddldl85hy65x9359815jlh-kubernetes-helm-3.15.3",
              "default": true
            }
          ],
          "store_path": "/nix/store/0fm5ygdjrrddldl85hy65x9359815jlh-kubernetes-helm-3.15.3"
        },
        "x86_64-darwin": {
          "outputs": [
            {
              "name": "out",
              "path": "/nix/store/fbyg2gsaf4mwml30jrsd71c90yr6f5rz-kubernetes-helm-3.15.3",
              "default": true
            }
          ],
          "store_path": "/nix/store/fbyg2gsaf4mwml30jrsd71c90yr6f5rz-kubernetes-helm-3.15.3"
        },
        "x86_64-linux": {
          "outputs": [
            {
              "name": "out",
              "path": "/nix/store/plnrclri3a7rh5v1f6aa76czw73zs0hp-kubernetes-helm-3.15.3",
              "default": true
            }
          ],
          "store_path": "/nix/store/plnrclri3a7rh5v1f6aa76czw73zs0hp-kubernetes-helm-3.15.3"
        }
      }
    },
    "nushell@0.96.1": {
      "last_modified": "2024-07-31T08:48:38Z",
      "resolved": "github:NixOS/nixpkgs/c3392ad349a5227f4a3464dce87bcc5046692fce#nushell",
      "source": "devbox-search",
      "version": "0.96.1",
      "systems": {
        "aarch64-darwin": {
          "outputs": [
            {
              "name": "out",
              "path": "/nix/store/s38075cwda5rphch36sp2rcqhx1sj11v-nushell-0.96.1",
              "default": true
            }
          ],
          "store_path": "/nix/store/s38075cwda5rphch36sp2rcqhx1sj11v-nushell-0.96.1"
        },
        "aarch64-linux": {
          "outputs": [
            {
              "name": "out",
              "path": "/nix/store/hxw7migcz0ljqaa431ppwj56ghvgwhh6-nushell-0.96.1",
              "default": true
            }
          ],
          "store_path": "/nix/store/hxw7migcz0ljqaa431ppwj56ghvgwhh6-nushell-0.96.1"
        },
        "x86_64-darwin": {
          "outputs": [
            {
              "name": "out",
              "path": "/nix/store/mrmxxb99yy9ghg43n22569j1dc6466lk-nushell-0.96.1",
              "default": true
            }
          ],
          "store_path": "/nix/store/mrmxxb99yy9ghg43n22569j1dc6466lk-nushell-0.96.1"
        },
        "x86_64-linux": {
          "outputs": [
            {
              "name": "out",
              "path": "/nix/store/q83hxz68rxfk720avrlhsw4rd4qqyapk-nushell-0.96.1",
              "default": true
            }
          ],
          "store_path": "/nix/store/q83hxz68rxfk720avrlhsw4rd4qqyapk-nushell-0.96.1"
        }
      }
    },
    "ollama@0.3.5": {
      "last_modified": "2024-08-13T18:00:04Z",
      "resolved": "github:NixOS/nixpkgs/19674872444bb3e0768249e724d99c8649c3bd78#ollama",
      "source": "devbox-search",
      "version": "0.3.5",
      "systems": {
        "aarch64-darwin": {
          "outputs": [
            {
              "name": "out",
              "path": "/nix/store/dcn88xdiv4137ha29sb6mhpq67zqb78n-ollama-0.3.5",
              "default": true
            }
          ],
          "store_path": "/nix/store/dcn88xdiv4137ha29sb6mhpq67zqb78n-ollama-0.3.5"
        },
        "aarch64-linux": {
          "outputs": [
            {
              "name": "out",
              "path": "/nix/store/axnx7x9l0v71ahnpvx8kjfwphlvhvj5w-ollama-0.3.5",
              "default": true
            }
          ],
          "store_path": "/nix/store/axnx7x9l0v71ahnpvx8kjfwphlvhvj5w-ollama-0.3.5"
        },
        "x86_64-darwin": {
          "outputs": [
            {
              "name": "out",
              "path": "/nix/store/hbrxfyg8i14a08sfq2z8z62i4da1p40i-ollama-0.3.5",
              "default": true
            }
          ],
          "store_path": "/nix/store/hbrxfyg8i14a08sfq2z8z62i4da1p40i-ollama-0.3.5"
        },
        "x86_64-linux": {
          "outputs": [
            {
              "name": "out",
              "path": "/nix/store/f26qhlnn9yj93w9k6fvjrhcsd0525jhm-ollama-0.3.5",
              "default": true
            }
          ],
          "store_path": "/nix/store/f26qhlnn9yj93w9k6fvjrhcsd0525jhm-ollama-0.3.5"
        }
      }
    },
    "yq-go@4.44.3": {
      "last_modified": "2024-08-31T10:12:23Z",
      "resolved": "github:NixOS/nixpkgs/5629520edecb69630a3f4d17d3d33fc96c13f6fe#yq-go",
      "source": "devbox-search",
      "version": "4.44.3",
      "systems": {
        "aarch64-darwin": {
          "outputs": [
            {
              "name": "out",
              "path": "/nix/store/jppigm7xxrz14z5qbp70qwk63rqkzlr7-yq-go-4.44.3",
              "default": true
            }
          ],
          "store_path": "/nix/store/jppigm7xxrz14z5qbp70qwk63rqkzlr7-yq-go-4.44.3"
        },
        "aarch64-linux": {
          "outputs": [
            {
              "name": "out",
              "path": "/nix/store/h1p18ha0hkgf0rwc87cc51nz2m69004s-yq-go-4.44.3",
              "default": true
            }
          ],
          "store_path": "/nix/store/h1p18ha0hkgf0rwc87cc51nz2m69004s-yq-go-4.44.3"
        },
        "x86_64-darwin": {
          "outputs": [
            {
              "name": "out",
              "path": "/nix/store/rfymy667lx1032cxdwyzslxia511dxz7-yq-go-4.44.3",
              "default": true
            }
          ],
          "store_path": "/nix/store/rfymy667lx1032cxdwyzslxia511dxz7-yq-go-4.44.3"
        },
        "x86_64-linux": {
          "outputs": [
            {
              "name": "out",
              "path": "/nix/store/kb2z2ih2yvlpy9p4mx4sqdicjj4p2isw-yq-go-4.44.3",
              "default": true
            }
          ],
          "store_path": "/nix/store/kb2z2ih2yvlpy9p4mx4sqdicjj4p2isw-yq-go-4.44.3"
        }
      }
    },
    "zellij@0.40.1": {
      "last_modified": "2024-07-31T08:48:38Z",
      "resolved": "github:NixOS/nixpkgs/c3392ad349a5227f4a3464dce87bcc5046692fce#zellij",
      "source": "devbox-search",
      "version": "0.40.1",
      "systems": {
        "aarch64-darwin": {
          "outputs": [
            {
              "name": "out",
              "path": "/nix/store/p028f464mismmc4wdip6pbs2fj55fhb0-zellij-0.40.1",
              "default": true
            }
          ],
          "store_path": "/nix/store/p028f464mismmc4wdip6pbs2fj55fhb0-zellij-0.40.1"
        },
        "aarch64-linux": {
          "outputs": [
            {
              "name": "out",
              "path": "/nix/store/radgdycriimhii8bs1z0l13r64y4z5n2-zellij-0.40.1",
              "default": true
            }
          ],
          "store_path": "/nix/store/radgdycriimhii8bs1z0l13r64y4z5n2-zellij-0.40.1"
        },
        "x86_64-darwin": {
          "outputs": [
            {
              "name": "out",
              "path": "/nix/store/vas240mgjraga9wf3x414wv9nvp9xzqv-zellij-0.40.1",
              "default": true
            }
          ],
          "store_path": "/nix/store/vas240mgjraga9wf3x414wv9nvp9xzqv-zellij-0.40.1"
        },
        "x86_64-linux": {
          "outputs": [
            {
              "name": "out",
              "path": "/nix/store/58mdhxb353gfc46mwick0yp52ri72vgv-zellij-0.40.1",
              "default": true
            }
          ],
          "store_path": "/nix/store/58mdhxb353gfc46mwick0yp52ri72vgv-zellij-0.40.1"
        }
      }
    }
  }
}
